
Microsoft Visual Studio Solution File, Format Version 12.00
# Visual Studio 15
VisualStudioVersion = 15.0.28307.168
MinimumVisualStudioVersion = 10.0.40219.1
Project("{FAE04EC0-301F-11D3-BF4B-00C04F79EFBC}") = "RefRegister", "RefRegister\RefRegister.csproj", "{303628AD-5FF1-4A59-B3F0-99049B617AEE}"
EndProject
Global
	GlobalSection(SolutionConfigurationPlatforms) = preSolution
		Debug|Any CPU = Debug|Any CPU
		Release|Any CPU = Release|Any CPU
	EndGlobalSection
	GlobalSection(ProjectConfigurationPlatforms) = postSolution
		{303628AD-5FF1-4A59-B3F0-99049B617AEE}.Debug|Any CPU.ActiveCfg = Debug|Any CPU
		{303628AD-5FF1-4A59-B3F0-99049B617AEE}.Debug|Any CPU.Build.0 = Debug|Any CPU
		{303628AD-5FF1-4A59-B3F0-99049B617AEE}.Release|Any CPU.ActiveCfg = Release|Any CPU
		{303628AD-5FF1-4A59-B3F0-99049B617AEE}.Release|Any CPU.Build.0 = Release|Any CPU
	EndGlobalSection
	GlobalSection(SolutionProperties) = preSolution
		HideSolutionNode = FALSE
	EndGlobalSection
	GlobalSection(ExtensibilityGlobals) = postSolution
		SolutionGuid = {6FBCE22E-7C8C-42FB-9370-FE8AA5E01FF0}
	EndGlobalSection
EndGlobal
